
Microsoft Visual Studio Solution File, Format Version 11.00
# Visual Studio 2010
Project("{FAE04EC0-301F-11D3-BF4B-00C04F79EFBC}") = "WCF1Server", "WCF1\WCF1Server.csproj", "{D92517C6-429E-4BD8-B950-F1B682F28C9B}"
EndProject
Project("{FAE04EC0-301F-11D3-BF4B-00C04F79EFBC}") = "WCF1Client", "WCF1Client\WCF1Client.csproj", "{19DBE5C2-5E9E-42AB-9D45-5C527E2C075D}"
EndProject
Project("{FAE04EC0-301F-11D3-BF4B-00C04F79EFBC}") = "WCFServerSVCUtil", "WCFServerSVCUtil\WCFServerSVCUtil.csproj", "{F551AE4F-66A9-42DB-B93F-DEFDECDEA688}"
EndProject
Project("{FAE04EC0-301F-11D3-BF4B-00C04F79EFBC}") = "WCFClientSVCUtil", "WCFClientSVCUtil\WCFClientSVCUtil.csproj", "{605DCCC6-5C04-4962-BFB1-0AF8A1AC4A29}"
EndProject
Project("{FAE04EC0-301F-11D3-BF4B-00C04F79EFBC}") = "WPFLib1", "WPFLib1\WPFLib1.csproj", "{39935EAB-6527-4759-8930-23DDB6AC1265}"
EndProject
Project("{FAE04EC0-301F-11D3-BF4B-00C04F79EFBC}") = "WCFCallbackServer", "WCFCallbackServer\WCFCallbackServer.csproj", "{AA9FBCAC-898D-4C8D-8BCA-2F297230067E}"
EndProject
Global
	GlobalSection(SolutionConfigurationPlatforms) = preSolution
		Debug|Any CPU = Debug|Any CPU
		Debug|Mixed Platforms = Debug|Mixed Platforms
		Debug|x86 = Debug|x86
		Release|Any CPU = Release|Any CPU
		Release|Mixed Platforms = Release|Mixed Platforms
		Release|x86 = Release|x86
	EndGlobalSection
	GlobalSection(ProjectConfigurationPlatforms) = postSolution
		{D92517C6-429E-4BD8-B950-F1B682F28C9B}.Debug|Any CPU.ActiveCfg = Debug|x86
		{D92517C6-429E-4BD8-B950-F1B682F28C9B}.Debug|Mixed Platforms.ActiveCfg = Debug|x86
		{D92517C6-429E-4BD8-B950-F1B682F28C9B}.Debug|Mixed Platforms.Build.0 = Debug|x86
		{D92517C6-429E-4BD8-B950-F1B682F28C9B}.Debug|x86.ActiveCfg = Debug|x86
		{D92517C6-429E-4BD8-B950-F1B682F28C9B}.Debug|x86.Build.0 = Debug|x86
		{D92517C6-429E-4BD8-B950-F1B682F28C9B}.Release|Any CPU.ActiveCfg = Release|x86
		{D92517C6-429E-4BD8-B950-F1B682F28C9B}.Release|Mixed Platforms.ActiveCfg = Release|x86
		{D92517C6-429E-4BD8-B950-F1B682F28C9B}.Release|Mixed Platforms.Build.0 = Release|x86
		{D92517C6-429E-4BD8-B950-F1B682F28C9B}.Release|x86.ActiveCfg = Release|x86
		{D92517C6-429E-4BD8-B950-F1B682F28C9B}.Release|x86.Build.0 = Release|x86
		{19DBE5C2-5E9E-42AB-9D45-5C527E2C075D}.Debug|Any CPU.ActiveCfg = Debug|x86
		{19DBE5C2-5E9E-42AB-9D45-5C527E2C075D}.Debug|Mixed Platforms.ActiveCfg = Debug|x86
		{19DBE5C2-5E9E-42AB-9D45-5C527E2C075D}.Debug|Mixed Platforms.Build.0 = Debug|x86
		{19DBE5C2-5E9E-42AB-9D45-5C527E2C075D}.Debug|x86.ActiveCfg = Debug|x86
		{19DBE5C2-5E9E-42AB-9D45-5C527E2C075D}.Debug|x86.Build.0 = Debug|x86
		{19DBE5C2-5E9E-42AB-9D45-5C527E2C075D}.Release|Any CPU.ActiveCfg = Release|x86
		{19DBE5C2-5E9E-42AB-9D45-5C527E2C075D}.Release|Mixed Platforms.ActiveCfg = Release|x86
		{19DBE5C2-5E9E-42AB-9D45-5C527E2C075D}.Release|Mixed Platforms.Build.0 = Release|x86
		{19DBE5C2-5E9E-42AB-9D45-5C527E2C075D}.Release|x86.ActiveCfg = Release|x86
		{19DBE5C2-5E9E-42AB-9D45-5C527E2C075D}.Release|x86.Build.0 = Release|x86
		{F551AE4F-66A9-42DB-B93F-DEFDECDEA688}.Debug|Any CPU.ActiveCfg = Debug|x86
		{F551AE4F-66A9-42DB-B93F-DEFDECDEA688}.Debug|Mixed Platforms.ActiveCfg = Debug|x86
		{F551AE4F-66A9-42DB-B93F-DEFDECDEA688}.Debug|Mixed Platforms.Build.0 = Debug|x86
		{F551AE4F-66A9-42DB-B93F-DEFDECDEA688}.Debug|x86.ActiveCfg = Debug|x86
		{F551AE4F-66A9-42DB-B93F-DEFDECDEA688}.Debug|x86.Build.0 = Debug|x86
		{F551AE4F-66A9-42DB-B93F-DEFDECDEA688}.Release|Any CPU.ActiveCfg = Release|x86
		{F551AE4F-66A9-42DB-B93F-DEFDECDEA688}.Release|Mixed Platforms.ActiveCfg = Release|x86
		{F551AE4F-66A9-42DB-B93F-DEFDECDEA688}.Release|Mixed Platforms.Build.0 = Release|x86
		{F551AE4F-66A9-42DB-B93F-DEFDECDEA688}.Release|x86.ActiveCfg = Release|x86
		{F551AE4F-66A9-42DB-B93F-DEFDECDEA688}.Release|x86.Build.0 = Release|x86
		{605DCCC6-5C04-4962-BFB1-0AF8A1AC4A29}.Debug|Any CPU.ActiveCfg = Debug|x86
		{605DCCC6-5C04-4962-BFB1-0AF8A1AC4A29}.Debug|Mixed Platforms.ActiveCfg = Debug|x86
		{605DCCC6-5C04-4962-BFB1-0AF8A1AC4A29}.Debug|Mixed Platforms.Build.0 = Debug|x86
		{605DCCC6-5C04-4962-BFB1-0AF8A1AC4A29}.Debug|x86.ActiveCfg = Debug|x86
		{605DCCC6-5C04-4962-BFB1-0AF8A1AC4A29}.Debug|x86.Build.0 = Debug|x86
		{605DCCC6-5C04-4962-BFB1-0AF8A1AC4A29}.Release|Any CPU.ActiveCfg = Release|x86
		{605DCCC6-5C04-4962-BFB1-0AF8A1AC4A29}.Release|Mixed Platforms.ActiveCfg = Release|x86
		{605DCCC6-5C04-4962-BFB1-0AF8A1AC4A29}.Release|Mixed Platforms.Build.0 = Release|x86
		{605DCCC6-5C04-4962-BFB1-0AF8A1AC4A29}.Release|x86.ActiveCfg = Release|x86
		{605DCCC6-5C04-4962-BFB1-0AF8A1AC4A29}.Release|x86.Build.0 = Release|x86
		{39935EAB-6527-4759-8930-23DDB6AC1265}.Debug|Any CPU.ActiveCfg = Debug|Any CPU
		{39935EAB-6527-4759-8930-23DDB6AC1265}.Debug|Any CPU.Build.0 = Debug|Any CPU
		{39935EAB-6527-4759-8930-23DDB6AC1265}.Debug|Mixed Platforms.ActiveCfg = Debug|Any CPU
		{39935EAB-6527-4759-8930-23DDB6AC1265}.Debug|Mixed Platforms.Build.0 = Debug|Any CPU
		{39935EAB-6527-4759-8930-23DDB6AC1265}.Debug|x86.ActiveCfg = Debug|Any CPU
		{39935EAB-6527-4759-8930-23DDB6AC1265}.Release|Any CPU.ActiveCfg = Release|Any CPU
		{39935EAB-6527-4759-8930-23DDB6AC1265}.Release|Any CPU.Build.0 = Release|Any CPU
		{39935EAB-6527-4759-8930-23DDB6AC1265}.Release|Mixed Platforms.ActiveCfg = Release|Any CPU
		{39935EAB-6527-4759-8930-23DDB6AC1265}.Release|Mixed Platforms.Build.0 = Release|Any CPU
		{39935EAB-6527-4759-8930-23DDB6AC1265}.Release|x86.ActiveCfg = Release|Any CPU
		{AA9FBCAC-898D-4C8D-8BCA-2F297230067E}.Debug|Any CPU.ActiveCfg = Debug|Any CPU
		{AA9FBCAC-898D-4C8D-8BCA-2F297230067E}.Debug|Any CPU.Build.0 = Debug|Any CPU
		{AA9FBCAC-898D-4C8D-8BCA-2F297230067E}.Debug|Mixed Platforms.ActiveCfg = Debug|Any CPU
		{AA9FBCAC-898D-4C8D-8BCA-2F297230067E}.Debug|Mixed Platforms.Build.0 = Debug|Any CPU
		{AA9FBCAC-898D-4C8D-8BCA-2F297230067E}.Debug|x86.ActiveCfg = Debug|Any CPU
		{AA9FBCAC-898D-4C8D-8BCA-2F297230067E}.Release|Any CPU.ActiveCfg = Release|Any CPU
		{AA9FBCAC-898D-4C8D-8BCA-2F297230067E}.Release|Any CPU.Build.0 = Release|Any CPU
		{AA9FBCAC-898D-4C8D-8BCA-2F297230067E}.Release|Mixed Platforms.ActiveCfg = Release|Any CPU
		{AA9FBCAC-898D-4C8D-8BCA-2F297230067E}.Release|Mixed Platforms.Build.0 = Release|Any CPU
		{AA9FBCAC-898D-4C8D-8BCA-2F297230067E}.Release|x86.ActiveCfg = Release|Any CPU
	EndGlobalSection
	GlobalSection(SolutionProperties) = preSolution
		HideSolutionNode = FALSE
	EndGlobalSection
EndGlobal
