
Microsoft Visual Studio Solution File, Format Version 11.00
# Visual Studio 2010
Project("{FAE04EC0-301F-11D3-BF4B-00C04F79EFBC}") = "MathLibrary", "MathLibrary\MathLibrary.csproj", "{0725BCBF-A2FE-478D-BDEE-797FC0DA061E}"
EndProject
Project("{FAE04EC0-301F-11D3-BF4B-00C04F79EFBC}") = "ServerCUI", "Server\ServerCUI.csproj", "{7E39B6E3-D29C-4D94-93CD-7BA98FA7E169}"
EndProject
Project("{FAE04EC0-301F-11D3-BF4B-00C04F79EFBC}") = "MathLibraryMetadataStub", "MathLibraryMetadataStub\MathLibraryMetadataStub.csproj", "{2A934FD4-D628-46EE-B032-F31AF8CF7EE6}"
EndProject
Project("{FAE04EC0-301F-11D3-BF4B-00C04F79EFBC}") = "Client_MetadataStub", "Client_MetadataStub\Client_MetadataStub.csproj", "{AF0CB2EF-8D0B-4671-AE6A-61D80598DB5A}"
EndProject
Project("{FAE04EC0-301F-11D3-BF4B-00C04F79EFBC}") = "Client_MetadataStub_ConfigurationFile", "Client_MetadataStub_ConfigurationFile\Client_MetadataStub_ConfigurationFile.csproj", "{3BBA8456-7F06-423C-B712-2306157F069D}"
EndProject
Project("{FAE04EC0-301F-11D3-BF4B-00C04F79EFBC}") = "MathLibraryInterfete_Server", "MathLibraryInterfete\MathLibraryInterfete_Server.csproj", "{4275326B-7203-4C11-8873-4EB518440162}"
EndProject
Project("{FAE04EC0-301F-11D3-BF4B-00C04F79EFBC}") = "ServerInterfete", "ServerInterfete\ServerInterfete.csproj", "{AA7C38B9-5B21-465A-A8C0-35334DBC33C4}"
EndProject
Project("{FAE04EC0-301F-11D3-BF4B-00C04F79EFBC}") = "MetadataInterfete_Client", "MetadataInterfete\MetadataInterfete_Client.csproj", "{2393D71F-796D-438B-A65E-43A0BF6CA316}"
EndProject
Project("{FAE04EC0-301F-11D3-BF4B-00C04F79EFBC}") = "ClientInterfete", "ClientInterfete\ClientInterfete.csproj", "{2AF3A3DC-6CEE-4799-8189-A8A1C1CC6CD7}"
EndProject
Project("{FAE04EC0-301F-11D3-BF4B-00C04F79EFBC}") = "ClientSoapSuds", "ClientSoapSuds\ClientSoapSuds.csproj", "{9C8C7642-C60A-41A9-BBFA-C504051C042A}"
EndProject
Global
	GlobalSection(SolutionConfigurationPlatforms) = preSolution
		Debug|Any CPU = Debug|Any CPU
		Debug|Mixed Platforms = Debug|Mixed Platforms
		Debug|x86 = Debug|x86
		Release|Any CPU = Release|Any CPU
		Release|Mixed Platforms = Release|Mixed Platforms
		Release|x86 = Release|x86
	EndGlobalSection
	GlobalSection(ProjectConfigurationPlatforms) = postSolution
		{0725BCBF-A2FE-478D-BDEE-797FC0DA061E}.Debug|Any CPU.ActiveCfg = Debug|Any CPU
		{0725BCBF-A2FE-478D-BDEE-797FC0DA061E}.Debug|Any CPU.Build.0 = Debug|Any CPU
		{0725BCBF-A2FE-478D-BDEE-797FC0DA061E}.Debug|Mixed Platforms.ActiveCfg = Debug|Any CPU
		{0725BCBF-A2FE-478D-BDEE-797FC0DA061E}.Debug|Mixed Platforms.Build.0 = Debug|Any CPU
		{0725BCBF-A2FE-478D-BDEE-797FC0DA061E}.Debug|x86.ActiveCfg = Debug|Any CPU
		{0725BCBF-A2FE-478D-BDEE-797FC0DA061E}.Release|Any CPU.ActiveCfg = Release|Any CPU
		{0725BCBF-A2FE-478D-BDEE-797FC0DA061E}.Release|Any CPU.Build.0 = Release|Any CPU
		{0725BCBF-A2FE-478D-BDEE-797FC0DA061E}.Release|Mixed Platforms.ActiveCfg = Release|Any CPU
		{0725BCBF-A2FE-478D-BDEE-797FC0DA061E}.Release|Mixed Platforms.Build.0 = Release|Any CPU
		{0725BCBF-A2FE-478D-BDEE-797FC0DA061E}.Release|x86.ActiveCfg = Release|Any CPU
		{7E39B6E3-D29C-4D94-93CD-7BA98FA7E169}.Debug|Any CPU.ActiveCfg = Debug|x86
		{7E39B6E3-D29C-4D94-93CD-7BA98FA7E169}.Debug|Mixed Platforms.ActiveCfg = Debug|x86
		{7E39B6E3-D29C-4D94-93CD-7BA98FA7E169}.Debug|Mixed Platforms.Build.0 = Debug|x86
		{7E39B6E3-D29C-4D94-93CD-7BA98FA7E169}.Debug|x86.ActiveCfg = Debug|x86
		{7E39B6E3-D29C-4D94-93CD-7BA98FA7E169}.Debug|x86.Build.0 = Debug|x86
		{7E39B6E3-D29C-4D94-93CD-7BA98FA7E169}.Release|Any CPU.ActiveCfg = Release|x86
		{7E39B6E3-D29C-4D94-93CD-7BA98FA7E169}.Release|Mixed Platforms.ActiveCfg = Release|x86
		{7E39B6E3-D29C-4D94-93CD-7BA98FA7E169}.Release|Mixed Platforms.Build.0 = Release|x86
		{7E39B6E3-D29C-4D94-93CD-7BA98FA7E169}.Release|x86.ActiveCfg = Release|x86
		{7E39B6E3-D29C-4D94-93CD-7BA98FA7E169}.Release|x86.Build.0 = Release|x86
		{2A934FD4-D628-46EE-B032-F31AF8CF7EE6}.Debug|Any CPU.ActiveCfg = Debug|Any CPU
		{2A934FD4-D628-46EE-B032-F31AF8CF7EE6}.Debug|Any CPU.Build.0 = Debug|Any CPU
		{2A934FD4-D628-46EE-B032-F31AF8CF7EE6}.Debug|Mixed Platforms.ActiveCfg = Debug|Any CPU
		{2A934FD4-D628-46EE-B032-F31AF8CF7EE6}.Debug|Mixed Platforms.Build.0 = Debug|Any CPU
		{2A934FD4-D628-46EE-B032-F31AF8CF7EE6}.Debug|x86.ActiveCfg = Debug|Any CPU
		{2A934FD4-D628-46EE-B032-F31AF8CF7EE6}.Release|Any CPU.ActiveCfg = Release|Any CPU
		{2A934FD4-D628-46EE-B032-F31AF8CF7EE6}.Release|Any CPU.Build.0 = Release|Any CPU
		{2A934FD4-D628-46EE-B032-F31AF8CF7EE6}.Release|Mixed Platforms.ActiveCfg = Release|Any CPU
		{2A934FD4-D628-46EE-B032-F31AF8CF7EE6}.Release|Mixed Platforms.Build.0 = Release|Any CPU
		{2A934FD4-D628-46EE-B032-F31AF8CF7EE6}.Release|x86.ActiveCfg = Release|Any CPU
		{AF0CB2EF-8D0B-4671-AE6A-61D80598DB5A}.Debug|Any CPU.ActiveCfg = Debug|x86
		{AF0CB2EF-8D0B-4671-AE6A-61D80598DB5A}.Debug|Mixed Platforms.ActiveCfg = Debug|x86
		{AF0CB2EF-8D0B-4671-AE6A-61D80598DB5A}.Debug|Mixed Platforms.Build.0 = Debug|x86
		{AF0CB2EF-8D0B-4671-AE6A-61D80598DB5A}.Debug|x86.ActiveCfg = Debug|x86
		{AF0CB2EF-8D0B-4671-AE6A-61D80598DB5A}.Debug|x86.Build.0 = Debug|x86
		{AF0CB2EF-8D0B-4671-AE6A-61D80598DB5A}.Release|Any CPU.ActiveCfg = Release|x86
		{AF0CB2EF-8D0B-4671-AE6A-61D80598DB5A}.Release|Mixed Platforms.ActiveCfg = Release|x86
		{AF0CB2EF-8D0B-4671-AE6A-61D80598DB5A}.Release|Mixed Platforms.Build.0 = Release|x86
		{AF0CB2EF-8D0B-4671-AE6A-61D80598DB5A}.Release|x86.ActiveCfg = Release|x86
		{AF0CB2EF-8D0B-4671-AE6A-61D80598DB5A}.Release|x86.Build.0 = Release|x86
		{3BBA8456-7F06-423C-B712-2306157F069D}.Debug|Any CPU.ActiveCfg = Debug|x86
		{3BBA8456-7F06-423C-B712-2306157F069D}.Debug|Mixed Platforms.ActiveCfg = Debug|x86
		{3BBA8456-7F06-423C-B712-2306157F069D}.Debug|Mixed Platforms.Build.0 = Debug|x86
		{3BBA8456-7F06-423C-B712-2306157F069D}.Debug|x86.ActiveCfg = Debug|x86
		{3BBA8456-7F06-423C-B712-2306157F069D}.Debug|x86.Build.0 = Debug|x86
		{3BBA8456-7F06-423C-B712-2306157F069D}.Release|Any CPU.ActiveCfg = Release|x86
		{3BBA8456-7F06-423C-B712-2306157F069D}.Release|Mixed Platforms.ActiveCfg = Release|x86
		{3BBA8456-7F06-423C-B712-2306157F069D}.Release|Mixed Platforms.Build.0 = Release|x86
		{3BBA8456-7F06-423C-B712-2306157F069D}.Release|x86.ActiveCfg = Release|x86
		{3BBA8456-7F06-423C-B712-2306157F069D}.Release|x86.Build.0 = Release|x86
		{4275326B-7203-4C11-8873-4EB518440162}.Debug|Any CPU.ActiveCfg = Debug|Any CPU
		{4275326B-7203-4C11-8873-4EB518440162}.Debug|Any CPU.Build.0 = Debug|Any CPU
		{4275326B-7203-4C11-8873-4EB518440162}.Debug|Mixed Platforms.ActiveCfg = Debug|Any CPU
		{4275326B-7203-4C11-8873-4EB518440162}.Debug|Mixed Platforms.Build.0 = Debug|Any CPU
		{4275326B-7203-4C11-8873-4EB518440162}.Debug|x86.ActiveCfg = Debug|Any CPU
		{4275326B-7203-4C11-8873-4EB518440162}.Release|Any CPU.ActiveCfg = Release|Any CPU
		{4275326B-7203-4C11-8873-4EB518440162}.Release|Any CPU.Build.0 = Release|Any CPU
		{4275326B-7203-4C11-8873-4EB518440162}.Release|Mixed Platforms.ActiveCfg = Release|Any CPU
		{4275326B-7203-4C11-8873-4EB518440162}.Release|Mixed Platforms.Build.0 = Release|Any CPU
		{4275326B-7203-4C11-8873-4EB518440162}.Release|x86.ActiveCfg = Release|Any CPU
		{AA7C38B9-5B21-465A-A8C0-35334DBC33C4}.Debug|Any CPU.ActiveCfg = Debug|x86
		{AA7C38B9-5B21-465A-A8C0-35334DBC33C4}.Debug|Mixed Platforms.ActiveCfg = Debug|x86
		{AA7C38B9-5B21-465A-A8C0-35334DBC33C4}.Debug|Mixed Platforms.Build.0 = Debug|x86
		{AA7C38B9-5B21-465A-A8C0-35334DBC33C4}.Debug|x86.ActiveCfg = Debug|x86
		{AA7C38B9-5B21-465A-A8C0-35334DBC33C4}.Debug|x86.Build.0 = Debug|x86
		{AA7C38B9-5B21-465A-A8C0-35334DBC33C4}.Release|Any CPU.ActiveCfg = Release|x86
		{AA7C38B9-5B21-465A-A8C0-35334DBC33C4}.Release|Mixed Platforms.ActiveCfg = Release|x86
		{AA7C38B9-5B21-465A-A8C0-35334DBC33C4}.Release|Mixed Platforms.Build.0 = Release|x86
		{AA7C38B9-5B21-465A-A8C0-35334DBC33C4}.Release|x86.ActiveCfg = Release|x86
		{AA7C38B9-5B21-465A-A8C0-35334DBC33C4}.Release|x86.Build.0 = Release|x86
		{2393D71F-796D-438B-A65E-43A0BF6CA316}.Debug|Any CPU.ActiveCfg = Debug|x86
		{2393D71F-796D-438B-A65E-43A0BF6CA316}.Debug|Mixed Platforms.ActiveCfg = Debug|x86
		{2393D71F-796D-438B-A65E-43A0BF6CA316}.Debug|Mixed Platforms.Build.0 = Debug|x86
		{2393D71F-796D-438B-A65E-43A0BF6CA316}.Debug|x86.ActiveCfg = Debug|x86
		{2393D71F-796D-438B-A65E-43A0BF6CA316}.Debug|x86.Build.0 = Debug|x86
		{2393D71F-796D-438B-A65E-43A0BF6CA316}.Release|Any CPU.ActiveCfg = Release|x86
		{2393D71F-796D-438B-A65E-43A0BF6CA316}.Release|Mixed Platforms.ActiveCfg = Release|x86
		{2393D71F-796D-438B-A65E-43A0BF6CA316}.Release|Mixed Platforms.Build.0 = Release|x86
		{2393D71F-796D-438B-A65E-43A0BF6CA316}.Release|x86.ActiveCfg = Release|x86
		{2393D71F-796D-438B-A65E-43A0BF6CA316}.Release|x86.Build.0 = Release|x86
		{2AF3A3DC-6CEE-4799-8189-A8A1C1CC6CD7}.Debug|Any CPU.ActiveCfg = Debug|x86
		{2AF3A3DC-6CEE-4799-8189-A8A1C1CC6CD7}.Debug|Mixed Platforms.ActiveCfg = Debug|x86
		{2AF3A3DC-6CEE-4799-8189-A8A1C1CC6CD7}.Debug|Mixed Platforms.Build.0 = Debug|x86
		{2AF3A3DC-6CEE-4799-8189-A8A1C1CC6CD7}.Debug|x86.ActiveCfg = Debug|x86
		{2AF3A3DC-6CEE-4799-8189-A8A1C1CC6CD7}.Debug|x86.Build.0 = Debug|x86
		{2AF3A3DC-6CEE-4799-8189-A8A1C1CC6CD7}.Release|Any CPU.ActiveCfg = Release|x86
		{2AF3A3DC-6CEE-4799-8189-A8A1C1CC6CD7}.Release|Mixed Platforms.ActiveCfg = Release|x86
		{2AF3A3DC-6CEE-4799-8189-A8A1C1CC6CD7}.Release|Mixed Platforms.Build.0 = Release|x86
		{2AF3A3DC-6CEE-4799-8189-A8A1C1CC6CD7}.Release|x86.ActiveCfg = Release|x86
		{2AF3A3DC-6CEE-4799-8189-A8A1C1CC6CD7}.Release|x86.Build.0 = Release|x86
		{9C8C7642-C60A-41A9-BBFA-C504051C042A}.Debug|Any CPU.ActiveCfg = Debug|x86
		{9C8C7642-C60A-41A9-BBFA-C504051C042A}.Debug|Mixed Platforms.ActiveCfg = Debug|x86
		{9C8C7642-C60A-41A9-BBFA-C504051C042A}.Debug|Mixed Platforms.Build.0 = Debug|x86
		{9C8C7642-C60A-41A9-BBFA-C504051C042A}.Debug|x86.ActiveCfg = Debug|x86
		{9C8C7642-C60A-41A9-BBFA-C504051C042A}.Debug|x86.Build.0 = Debug|x86
		{9C8C7642-C60A-41A9-BBFA-C504051C042A}.Release|Any CPU.ActiveCfg = Release|x86
		{9C8C7642-C60A-41A9-BBFA-C504051C042A}.Release|Mixed Platforms.ActiveCfg = Release|x86
		{9C8C7642-C60A-41A9-BBFA-C504051C042A}.Release|Mixed Platforms.Build.0 = Release|x86
		{9C8C7642-C60A-41A9-BBFA-C504051C042A}.Release|x86.ActiveCfg = Release|x86
		{9C8C7642-C60A-41A9-BBFA-C504051C042A}.Release|x86.Build.0 = Release|x86
	EndGlobalSection
	GlobalSection(SolutionProperties) = preSolution
		HideSolutionNode = FALSE
	EndGlobalSection
EndGlobal
