
Microsoft Visual Studio Solution File, Format Version 11.00
# Visual Studio 2010
Project("{8BC9CEB8-8B4A-11D0-8D11-00A0C91BC942}") = "T2-3", "T2-3\T2-3.vcxproj", "{12960CB1-120C-4876-A469-8366FEC4581B}"
EndProject
Global
	GlobalSection(SolutionConfigurationPlatforms) = preSolution
		Debug|Win32 = Debug|Win32
		Release|Win32 = Release|Win32
	EndGlobalSection
	GlobalSection(ProjectConfigurationPlatforms) = postSolution
		{12960CB1-120C-4876-A469-8366FEC4581B}.Debug|Win32.ActiveCfg = Debug|Win32
		{12960CB1-120C-4876-A469-8366FEC4581B}.Debug|Win32.Build.0 = Debug|Win32
		{12960CB1-120C-4876-A469-8366FEC4581B}.Release|Win32.ActiveCfg = Release|Win32
		{12960CB1-120C-4876-A469-8366FEC4581B}.Release|Win32.Build.0 = Release|Win32
	EndGlobalSection
	GlobalSection(SolutionProperties) = preSolution
		HideSolutionNode = FALSE
	EndGlobalSection
EndGlobal
