
Microsoft Visual Studio Solution File, Format Version 11.00
# Visual Studio 2010
Project("{FAE04EC0-301F-11D3-BF4B-00C04F79EFBC}") = "Lab1-1", "Lab1-1\Lab1-1.csproj", "{AB0EEDA1-F7E6-4EEA-B516-EE282B5FED45}"
EndProject
Global
	GlobalSection(SolutionConfigurationPlatforms) = preSolution
		Debug|Any CPU = Debug|Any CPU
		Release|Any CPU = Release|Any CPU
	EndGlobalSection
	GlobalSection(ProjectConfigurationPlatforms) = postSolution
		{AB0EEDA1-F7E6-4EEA-B516-EE282B5FED45}.Debug|Any CPU.ActiveCfg = Debug|Any CPU
		{AB0EEDA1-F7E6-4EEA-B516-EE282B5FED45}.Debug|Any CPU.Build.0 = Debug|Any CPU
		{AB0EEDA1-F7E6-4EEA-B516-EE282B5FED45}.Release|Any CPU.ActiveCfg = Release|Any CPU
		{AB0EEDA1-F7E6-4EEA-B516-EE282B5FED45}.Release|Any CPU.Build.0 = Release|Any CPU
	EndGlobalSection
	GlobalSection(SolutionProperties) = preSolution
		HideSolutionNode = FALSE
	EndGlobalSection
EndGlobal
