
Microsoft Visual Studio Solution File, Format Version 11.00
# Visual Studio 2010
Project("{8BC9CEB8-8B4A-11D0-8D11-00A0C91BC942}") = "L006", "L006\L006.vcxproj", "{82F48E91-3C8A-4DA1-A5DC-3F9E09356509}"
EndProject
Global
	GlobalSection(SolutionConfigurationPlatforms) = preSolution
		Debug|Win32 = Debug|Win32
		Release|Win32 = Release|Win32
	EndGlobalSection
	GlobalSection(ProjectConfigurationPlatforms) = postSolution
		{82F48E91-3C8A-4DA1-A5DC-3F9E09356509}.Debug|Win32.ActiveCfg = Debug|Win32
		{82F48E91-3C8A-4DA1-A5DC-3F9E09356509}.Debug|Win32.Build.0 = Debug|Win32
		{82F48E91-3C8A-4DA1-A5DC-3F9E09356509}.Release|Win32.ActiveCfg = Release|Win32
		{82F48E91-3C8A-4DA1-A5DC-3F9E09356509}.Release|Win32.Build.0 = Release|Win32
	EndGlobalSection
	GlobalSection(SolutionProperties) = preSolution
		HideSolutionNode = FALSE
	EndGlobalSection
EndGlobal
